
Microsoft Visual Studio Solution File, Format Version 12.00
# Visual Studio Version 17
VisualStudioVersion = 17.5.002.0
MinimumVisualStudioVersion = 10.0.40219.1
Project("{2150E333-8FDC-42A3-9474-1A3956D46DE8}") = "src", "src", "{47825850-9AEC-41AB-890F-F3A19D32D9D9}"
EndProject
Project("{FAE04EC0-301F-11D3-BF4B-00C04F79EFBC}") = "api", "src\api\api.csproj", "{9E426A2D-DEEA-4B23-83C5-E4329EE867C8}"
EndProject
Global
	GlobalSection(SolutionConfigurationPlatforms) = preSolution
		Debug|Any CPU = Debug|Any CPU
		Release|Any CPU = Release|Any CPU
	EndGlobalSection
	GlobalSection(ProjectConfigurationPlatforms) = postSolution
		{9E426A2D-DEEA-4B23-83C5-E4329EE867C8}.Debug|Any CPU.ActiveCfg = Debug|Any CPU
		{9E426A2D-DEEA-4B23-83C5-E4329EE867C8}.Debug|Any CPU.Build.0 = Debug|Any CPU
		{9E426A2D-DEEA-4B23-83C5-E4329EE867C8}.Release|Any CPU.ActiveCfg = Release|Any CPU
		{9E426A2D-DEEA-4B23-83C5-E4329EE867C8}.Release|Any CPU.Build.0 = Release|Any CPU
	EndGlobalSection
	GlobalSection(SolutionProperties) = preSolution
		HideSolutionNode = FALSE
	EndGlobalSection
	GlobalSection(ExtensibilityGlobals) = postSolution
		SolutionGuid = {9905390B-8CBD-4D3C-A877-A34A42D96AD0}
	EndGlobalSection
	GlobalSection(NestedProjects) = preSolution
		{9E426A2D-DEEA-4B23-83C5-E4329EE867C8} = {47825850-9AEC-41AB-890F-F3A19D32D9D9}
	EndGlobalSection
EndGlobal
